
Microsoft Visual Studio Solution File, Format Version 12.00
# Visual Studio Version 16
VisualStudioVersion = 16.0.30523.141
MinimumVisualStudioVersion = 10.0.40219.1
Project("{8BC9CEB8-8B4A-11D0-8D11-00A0C91BC942}") = "VJEZBA2", "VJEZBA2\VJEZBA2.vcxproj", "{DEEA796C-6DFE-4783-9D66-18B56828F4B9}"
EndProject
Global
	GlobalSection(SolutionConfigurationPlatforms) = preSolution
		Debug|x64 = Debug|x64
		Debug|x86 = Debug|x86
		Release|x64 = Release|x64
		Release|x86 = Release|x86
	EndGlobalSection
	GlobalSection(ProjectConfigurationPlatforms) = postSolution
		{DEEA796C-6DFE-4783-9D66-18B56828F4B9}.Debug|x64.ActiveCfg = Debug|x64
		{DEEA796C-6DFE-4783-9D66-18B56828F4B9}.Debug|x64.Build.0 = Debug|x64
		{DEEA796C-6DFE-4783-9D66-18B56828F4B9}.Debug|x86.ActiveCfg = Debug|Win32
		{DEEA796C-6DFE-4783-9D66-18B56828F4B9}.Debug|x86.Build.0 = Debug|Win32
		{DEEA796C-6DFE-4783-9D66-18B56828F4B9}.Release|x64.ActiveCfg = Release|x64
		{DEEA796C-6DFE-4783-9D66-18B56828F4B9}.Release|x64.Build.0 = Release|x64
		{DEEA796C-6DFE-4783-9D66-18B56828F4B9}.Release|x86.ActiveCfg = Release|Win32
		{DEEA796C-6DFE-4783-9D66-18B56828F4B9}.Release|x86.Build.0 = Release|Win32
	EndGlobalSection
	GlobalSection(SolutionProperties) = preSolution
		HideSolutionNode = FALSE
	EndGlobalSection
	GlobalSection(ExtensibilityGlobals) = postSolution
		SolutionGuid = {FBB5892A-8DD5-413D-9CEB-5E1229236F56}
	EndGlobalSection
EndGlobal
